dependencies:
- name: mlflow
  repository: oci://ghcr.io/deliveryhero/helm-charts
  version: 1.0.10
- name: postgresql
  repository: https://charts.bitnami.com/bitnami
  version: 16.7.27
- name: garage
  repository: https://charts.derwitt.dev
  version: 2.0.0
- name: mysql
  repository: https://charts.bitnami.com/bitnami
  version: 14.0.3
- name: zenml
  repository: oci://public.ecr.aws/zenml
  version: 0.93.1
digest: sha256:483b30c194790938dd2e9c8b13e2db5e3d9c402775e15ac26bd30a3bd554051c
generated: "2026-01-21T04:43:57.529335014Z"
