dependencies:
- name: postgresql
  repository: https://charts.bitnami.com/bitnami
  version: 16.7.27
- name: garage
  repository: https://charts.derwitt.dev
  version: 2.0.0
digest: sha256:37599fa213e920512eaf703c0521fbaa97aa03cb6b2b651d5ac2c0e4f1cc764e
generated: "2026-01-21T16:16:39.537873499+11:00"
